
Microsoft Visual Studio Solution File, Format Version 12.00
# Visual Studio 15
Project("{FAE04EC0-301F-11D3-BF4B-00C04F79EFBC}") = "UnityEngine.UI", "UnityEngine.UI.csproj", "{484F7CA9-55F9-CF9E-4A16-38773AA16E6A}"
EndProject
Project("{FAE04EC0-301F-11D3-BF4B-00C04F79EFBC}") = "UnityEngine.TestRunner", "UnityEngine.TestRunner.csproj", "{97B37957-A942-6B5C-1531-A2B03913E94B}"
EndProject
Project("{FAE04EC0-301F-11D3-BF4B-00C04F79EFBC}") = "Unity.2D.Animation.Triangle.Runtime", "Unity.2D.Animation.Triangle.Runtime.csproj", "{3969E6C1-39FC-173C-3539-957D6F3B0CE2}"
EndProject
Project("{FAE04EC0-301F-11D3-BF4B-00C04F79EFBC}") = "Unity.TextMeshPro", "Unity.TextMeshPro.csproj", "{98B55DA8-9F11-F7B1-8F1C-4EDD3F7AC72B}"
EndProject
Project("{FAE04EC0-301F-11D3-BF4B-00C04F79EFBC}") = "Unity.2D.Animation.Runtime", "Unity.2D.Animation.Runtime.csproj", "{0776CEC6-1B3B-EA64-ED99-C28814F227A7}"
EndProject
Project("{FAE04EC0-301F-11D3-BF4B-00C04F79EFBC}") = "Unity.Timeline", "Unity.Timeline.csproj", "{F6EEA970-E141-95A5-B785-5DB14B6C5BEA}"
EndProject
Project("{FAE04EC0-301F-11D3-BF4B-00C04F79EFBC}") = "Unity.Mathematics", "Unity.Mathematics.csproj", "{26F4BF39-488F-99EE-20CC-C1815AFBA554}"
EndProject
Project("{FAE04EC0-301F-11D3-BF4B-00C04F79EFBC}") = "Unity.2D.SpriteShape.Runtime", "Unity.2D.SpriteShape.Runtime.csproj", "{89FA123F-0919-3B66-03F2-0900F5CF4BB4}"
EndProject
Project("{FAE04EC0-301F-11D3-BF4B-00C04F79EFBC}") = "Assembly-CSharp", "Assembly-CSharp.csproj", "{69EB90A0-C345-3F28-5D30-566FAF469E64}"
EndProject
Project("{FAE04EC0-301F-11D3-BF4B-00C04F79EFBC}") = "Unity.2D.PixelPerfect", "Unity.2D.PixelPerfect.csproj", "{AC62AE5F-B216-FEE2-28C3-9C311CEE2435}"
EndProject
Project("{FAE04EC0-301F-11D3-BF4B-00C04F79EFBC}") = "Unity.InternalAPIEngineBridge.001", "Unity.InternalAPIEngineBridge.001.csproj", "{7AF23B18-05D3-C75E-0E9E-ED28B21ABBC1}"
EndProject
Project("{FAE04EC0-301F-11D3-BF4B-00C04F79EFBC}") = "Unity.2D.Common.Runtime", "Unity.2D.Common.Runtime.csproj", "{D7B74960-9472-174C-E85F-3F82CA2F698E}"
EndProject
Project("{FAE04EC0-301F-11D3-BF4B-00C04F79EFBC}") = "UnityEditor.TestRunner", "UnityEditor.TestRunner.csproj", "{5E66C34C-555A-4FDD-EB36-DA79D4BFC481}"
EndProject
Project("{FAE04EC0-301F-11D3-BF4B-00C04F79EFBC}") = "Unity.TextMeshPro.Editor", "Unity.TextMeshPro.Editor.csproj", "{DCC93B66-B057-85D9-6703-93B9BE0D0CA3}"
EndProject
Project("{FAE04EC0-301F-11D3-BF4B-00C04F79EFBC}") = "Unity.Timeline.Editor", "Unity.Timeline.Editor.csproj", "{AA2720EC-B163-B03C-4259-4FFCC3B10148}"
EndProject
Project("{FAE04EC0-301F-11D3-BF4B-00C04F79EFBC}") = "Unity.CollabProxy.Editor", "Unity.CollabProxy.Editor.csproj", "{DA070621-1089-0986-7731-0A450780CFB3}"
EndProject
Project("{FAE04EC0-301F-11D3-BF4B-00C04F79EFBC}") = "Unity.2D.Animation.Editor", "Unity.2D.Animation.Editor.csproj", "{38827E26-2772-F244-09F9-19FA1C50C4B6}"
EndProject
Project("{FAE04EC0-301F-11D3-BF4B-00C04F79EFBC}") = "Unity.2D.Path.Editor", "Unity.2D.Path.Editor.csproj", "{569C4ADA-87A2-B902-D79E-8CA73A12AF05}"
EndProject
Project("{FAE04EC0-301F-11D3-BF4B-00C04F79EFBC}") = "Unity.2D.Sprite.Editor", "Unity.2D.Sprite.Editor.csproj", "{EADDCA1F-916B-2AFB-1CC7-4BBA8032A007}"
EndProject
Project("{FAE04EC0-301F-11D3-BF4B-00C04F79EFBC}") = "UnityEditor.UI", "UnityEditor.UI.csproj", "{88C93CB6-3D92-D929-BBCC-8DD1E4F55DF7}"
EndProject
Project("{FAE04EC0-301F-11D3-BF4B-00C04F79EFBC}") = "Unity.Rider.Editor", "Unity.Rider.Editor.csproj", "{4DC7117B-2A58-7788-0371-88CE19DE42FE}"
EndProject
Project("{FAE04EC0-301F-11D3-BF4B-00C04F79EFBC}") = "Unity.2D.Tilemap.Editor", "Unity.2D.Tilemap.Editor.csproj", "{EC28F58F-23F3-8E24-98EA-FA1D31211951}"
EndProject
Project("{FAE04EC0-301F-11D3-BF4B-00C04F79EFBC}") = "Unity.VisualStudio.Editor", "Unity.VisualStudio.Editor.csproj", "{4B9B3A70-DC43-68F0-08DC-BE1A763DD8E7}"
EndProject
Project("{FAE04EC0-301F-11D3-BF4B-00C04F79EFBC}") = "Unity.2D.SpriteShape.Editor", "Unity.2D.SpriteShape.Editor.csproj", "{332B303C-AFC1-D314-302D-8DC04396B5AA}"
EndProject
Project("{FAE04EC0-301F-11D3-BF4B-00C04F79EFBC}") = "PsdPlugin", "PsdPlugin.csproj", "{57F11814-CA3A-B4B7-4BD6-F498BB547858}"
EndProject
Project("{FAE04EC0-301F-11D3-BF4B-00C04F79EFBC}") = "Unity.2D.Common.Editor", "Unity.2D.Common.Editor.csproj", "{6DACC81D-98C2-74CB-791A-5CEF890758F3}"
EndProject
Project("{FAE04EC0-301F-11D3-BF4B-00C04F79EFBC}") = "Unity.VSCode.Editor", "Unity.VSCode.Editor.csproj", "{CC75F17F-4CE5-1581-EBFE-D845B5E51641}"
EndProject
Project("{FAE04EC0-301F-11D3-BF4B-00C04F79EFBC}") = "Unity.2D.Psdimporter.Editor", "Unity.2D.Psdimporter.Editor.csproj", "{E7C0AA8F-83E4-45EE-4217-388A6C71B90D}"
EndProject
Project("{FAE04EC0-301F-11D3-BF4B-00C04F79EFBC}") = "Unity.2D.PixelPerfect.Editor", "Unity.2D.PixelPerfect.Editor.csproj", "{0FBD252C-17A5-4E2C-FD0F-6F408F70B0AD}"
EndProject
Project("{FAE04EC0-301F-11D3-BF4B-00C04F79EFBC}") = "Unity.Mathematics.Editor", "Unity.Mathematics.Editor.csproj", "{FD4208A0-7ADE-4E74-5F34-66EBCACE8597}"
EndProject
Project("{FAE04EC0-301F-11D3-BF4B-00C04F79EFBC}") = "Unity.InternalAPIEditorBridge.001", "Unity.InternalAPIEditorBridge.001.csproj", "{9C8FA889-69C7-CF64-E256-570B3133CAAC}"
EndProject
Project("{FAE04EC0-301F-11D3-BF4B-00C04F79EFBC}") = "UnityEngine.UI", "UnityEngine.UI.Player.csproj", "{A5F54041-D314-DB6B-C99B-A9E35D7C472C}"
EndProject
Project("{FAE04EC0-301F-11D3-BF4B-00C04F79EFBC}") = "UnityEngine.TestRunner", "UnityEngine.TestRunner.Player.csproj", "{EE0A8CF2-A65F-6208-F7CC-E0254DF446C9}"
EndProject
Project("{FAE04EC0-301F-11D3-BF4B-00C04F79EFBC}") = "Unity.2D.Animation.Triangle.Runtime", "Unity.2D.Animation.Triangle.Runtime.Player.csproj", "{AA63E63F-15DA-6FBE-BAF1-673131C09C38}"
EndProject
Project("{FAE04EC0-301F-11D3-BF4B-00C04F79EFBC}") = "Unity.TextMeshPro", "Unity.TextMeshPro.Player.csproj", "{47A17694-197C-9ED6-1AF3-5B7BC900B1FA}"
EndProject
Project("{FAE04EC0-301F-11D3-BF4B-00C04F79EFBC}") = "Unity.2D.Animation.Runtime", "Unity.2D.Animation.Runtime.Player.csproj", "{9AD7A1DA-80C2-8987-E4D7-85ED370E9A7D}"
EndProject
Project("{FAE04EC0-301F-11D3-BF4B-00C04F79EFBC}") = "Unity.Timeline", "Unity.Timeline.Player.csproj", "{66A81AFD-54DD-A7EA-95FB-097CE2A835FC}"
EndProject
Project("{FAE04EC0-301F-11D3-BF4B-00C04F79EFBC}") = "Unity.Mathematics", "Unity.Mathematics.Player.csproj", "{A4286BB2-BAA0-F8F9-926D-95EE0A1D2076}"
EndProject
Project("{FAE04EC0-301F-11D3-BF4B-00C04F79EFBC}") = "Unity.2D.SpriteShape.Runtime", "Unity.2D.SpriteShape.Runtime.Player.csproj", "{CF01E59D-79D5-C790-68E1-8B51811278B2}"
EndProject
Project("{FAE04EC0-301F-11D3-BF4B-00C04F79EFBC}") = "Assembly-CSharp", "Assembly-CSharp.Player.csproj", "{630ACA5B-4F3D-3AC4-52F0-80F3A0DF6D2F}"
EndProject
Project("{FAE04EC0-301F-11D3-BF4B-00C04F79EFBC}") = "Unity.2D.PixelPerfect", "Unity.2D.PixelPerfect.Player.csproj", "{D9DE8DE5-3610-5D86-9459-D2E5BBF72207}"
EndProject
Project("{FAE04EC0-301F-11D3-BF4B-00C04F79EFBC}") = "Unity.InternalAPIEngineBridge.001", "Unity.InternalAPIEngineBridge.001.Player.csproj", "{72CEC38D-0186-A6D4-CFAB-A61359CC12B6}"
EndProject
Project("{FAE04EC0-301F-11D3-BF4B-00C04F79EFBC}") = "Unity.2D.Common.Runtime", "Unity.2D.Common.Runtime.Player.csproj", "{74373CB8-8FA8-0FB3-4B47-08E18F217B91}"
EndProject
Global
	GlobalSection(SolutionConfigurationPlatforms) = preSolution
		Debug|Any CPU = Debug|Any CPU
		Release|Any CPU = Release|Any CPU
	EndGlobalSection
	GlobalSection(ProjectConfigurationPlatforms) = postSolution
		{484F7CA9-55F9-CF9E-4A16-38773AA16E6A}.Debug|Any CPU.ActiveCfg = Debug|Any CPU
		{484F7CA9-55F9-CF9E-4A16-38773AA16E6A}.Debug|Any CPU.Build.0 = Debug|Any CPU
		{484F7CA9-55F9-CF9E-4A16-38773AA16E6A}.Release|Any CPU.ActiveCfg = Release|Any CPU
		{484F7CA9-55F9-CF9E-4A16-38773AA16E6A}.Release|Any CPU.Build.0 = Release|Any CPU
		{97B37957-A942-6B5C-1531-A2B03913E94B}.Debug|Any CPU.ActiveCfg = Debug|Any CPU
		{97B37957-A942-6B5C-1531-A2B03913E94B}.Debug|Any CPU.Build.0 = Debug|Any CPU
		{97B37957-A942-6B5C-1531-A2B03913E94B}.Release|Any CPU.ActiveCfg = Release|Any CPU
		{97B37957-A942-6B5C-1531-A2B03913E94B}.Release|Any CPU.Build.0 = Release|Any CPU
		{3969E6C1-39FC-173C-3539-957D6F3B0CE2}.Debug|Any CPU.ActiveCfg = Debug|Any CPU
		{3969E6C1-39FC-173C-3539-957D6F3B0CE2}.Debug|Any CPU.Build.0 = Debug|Any CPU
		{3969E6C1-39FC-173C-3539-957D6F3B0CE2}.Release|Any CPU.ActiveCfg = Release|Any CPU
		{3969E6C1-39FC-173C-3539-957D6F3B0CE2}.Release|Any CPU.Build.0 = Release|Any CPU
		{98B55DA8-9F11-F7B1-8F1C-4EDD3F7AC72B}.Debug|Any CPU.ActiveCfg = Debug|Any CPU
		{98B55DA8-9F11-F7B1-8F1C-4EDD3F7AC72B}.Debug|Any CPU.Build.0 = Debug|Any CPU
		{98B55DA8-9F11-F7B1-8F1C-4EDD3F7AC72B}.Release|Any CPU.ActiveCfg = Release|Any CPU
		{98B55DA8-9F11-F7B1-8F1C-4EDD3F7AC72B}.Release|Any CPU.Build.0 = Release|Any CPU
		{0776CEC6-1B3B-EA64-ED99-C28814F227A7}.Debug|Any CPU.ActiveCfg = Debug|Any CPU
		{0776CEC6-1B3B-EA64-ED99-C28814F227A7}.Debug|Any CPU.Build.0 = Debug|Any CPU
		{0776CEC6-1B3B-EA64-ED99-C28814F227A7}.Release|Any CPU.ActiveCfg = Release|Any CPU
		{0776CEC6-1B3B-EA64-ED99-C28814F227A7}.Release|Any CPU.Build.0 = Release|Any CPU
		{F6EEA970-E141-95A5-B785-5DB14B6C5BEA}.Debug|Any CPU.ActiveCfg = Debug|Any CPU
		{F6EEA970-E141-95A5-B785-5DB14B6C5BEA}.Debug|Any CPU.Build.0 = Debug|Any CPU
		{F6EEA970-E141-95A5-B785-5DB14B6C5BEA}.Release|Any CPU.ActiveCfg = Release|Any CPU
		{F6EEA970-E141-95A5-B785-5DB14B6C5BEA}.Release|Any CPU.Build.0 = Release|Any CPU
		{26F4BF39-488F-99EE-20CC-C1815AFBA554}.Debug|Any CPU.ActiveCfg = Debug|Any CPU
		{26F4BF39-488F-99EE-20CC-C1815AFBA554}.Debug|Any CPU.Build.0 = Debug|Any CPU
		{26F4BF39-488F-99EE-20CC-C1815AFBA554}.Release|Any CPU.ActiveCfg = Release|Any CPU
		{26F4BF39-488F-99EE-20CC-C1815AFBA554}.Release|Any CPU.Build.0 = Release|Any CPU
		{89FA123F-0919-3B66-03F2-0900F5CF4BB4}.Debug|Any CPU.ActiveCfg = Debug|Any CPU
		{89FA123F-0919-3B66-03F2-0900F5CF4BB4}.Debug|Any CPU.Build.0 = Debug|Any CPU
		{89FA123F-0919-3B66-03F2-0900F5CF4BB4}.Release|Any CPU.ActiveCfg = Release|Any CPU
		{89FA123F-0919-3B66-03F2-0900F5CF4BB4}.Release|Any CPU.Build.0 = Release|Any CPU
		{69EB90A0-C345-3F28-5D30-566FAF469E64}.Debug|Any CPU.ActiveCfg = Debug|Any CPU
		{69EB90A0-C345-3F28-5D30-566FAF469E64}.Debug|Any CPU.Build.0 = Debug|Any CPU
		{69EB90A0-C345-3F28-5D30-566FAF469E64}.Release|Any CPU.ActiveCfg = Release|Any CPU
		{69EB90A0-C345-3F28-5D30-566FAF469E64}.Release|Any CPU.Build.0 = Release|Any CPU
		{AC62AE5F-B216-FEE2-28C3-9C311CEE2435}.Debug|Any CPU.ActiveCfg = Debug|Any CPU
		{AC62AE5F-B216-FEE2-28C3-9C311CEE2435}.Debug|Any CPU.Build.0 = Debug|Any CPU
		{AC62AE5F-B216-FEE2-28C3-9C311CEE2435}.Release|Any CPU.ActiveCfg = Release|Any CPU
		{AC62AE5F-B216-FEE2-28C3-9C311CEE2435}.Release|Any CPU.Build.0 = Release|Any CPU
		{7AF23B18-05D3-C75E-0E9E-ED28B21ABBC1}.Debug|Any CPU.ActiveCfg = Debug|Any CPU
		{7AF23B18-05D3-C75E-0E9E-ED28B21ABBC1}.Debug|Any CPU.Build.0 = Debug|Any CPU
		{7AF23B18-05D3-C75E-0E9E-ED28B21ABBC1}.Release|Any CPU.ActiveCfg = Release|Any CPU
		{7AF23B18-05D3-C75E-0E9E-ED28B21ABBC1}.Release|Any CPU.Build.0 = Release|Any CPU
		{D7B74960-9472-174C-E85F-3F82CA2F698E}.Debug|Any CPU.ActiveCfg = Debug|Any CPU
		{D7B74960-9472-174C-E85F-3F82CA2F698E}.Debug|Any CPU.Build.0 = Debug|Any CPU
		{D7B74960-9472-174C-E85F-3F82CA2F698E}.Release|Any CPU.ActiveCfg = Release|Any CPU
		{D7B74960-9472-174C-E85F-3F82CA2F698E}.Release|Any CPU.Build.0 = Release|Any CPU
		{5E66C34C-555A-4FDD-EB36-DA79D4BFC481}.Debug|Any CPU.ActiveCfg = Debug|Any CPU
		{5E66C34C-555A-4FDD-EB36-DA79D4BFC481}.Debug|Any CPU.Build.0 = Debug|Any CPU
		{5E66C34C-555A-4FDD-EB36-DA79D4BFC481}.Release|Any CPU.ActiveCfg = Release|Any CPU
		{5E66C34C-555A-4FDD-EB36-DA79D4BFC481}.Release|Any CPU.Build.0 = Release|Any CPU
		{DCC93B66-B057-85D9-6703-93B9BE0D0CA3}.Debug|Any CPU.ActiveCfg = Debug|Any CPU
		{DCC93B66-B057-85D9-6703-93B9BE0D0CA3}.Debug|Any CPU.Build.0 = Debug|Any CPU
		{DCC93B66-B057-85D9-6703-93B9BE0D0CA3}.Release|Any CPU.ActiveCfg = Release|Any CPU
		{DCC93B66-B057-85D9-6703-93B9BE0D0CA3}.Release|Any CPU.Build.0 = Release|Any CPU
		{AA2720EC-B163-B03C-4259-4FFCC3B10148}.Debug|Any CPU.ActiveCfg = Debug|Any CPU
		{AA2720EC-B163-B03C-4259-4FFCC3B10148}.Debug|Any CPU.Build.0 = Debug|Any CPU
		{AA2720EC-B163-B03C-4259-4FFCC3B10148}.Release|Any CPU.ActiveCfg = Release|Any CPU
		{AA2720EC-B163-B03C-4259-4FFCC3B10148}.Release|Any CPU.Build.0 = Release|Any CPU
		{DA070621-1089-0986-7731-0A450780CFB3}.Debug|Any CPU.ActiveCfg = Debug|Any CPU
		{DA070621-1089-0986-7731-0A450780CFB3}.Debug|Any CPU.Build.0 = Debug|Any CPU
		{DA070621-1089-0986-7731-0A450780CFB3}.Release|Any CPU.ActiveCfg = Release|Any CPU
		{DA070621-1089-0986-7731-0A450780CFB3}.Release|Any CPU.Build.0 = Release|Any CPU
		{38827E26-2772-F244-09F9-19FA1C50C4B6}.Debug|Any CPU.ActiveCfg = Debug|Any CPU
		{38827E26-2772-F244-09F9-19FA1C50C4B6}.Debug|Any CPU.Build.0 = Debug|Any CPU
		{38827E26-2772-F244-09F9-19FA1C50C4B6}.Release|Any CPU.ActiveCfg = Release|Any CPU
		{38827E26-2772-F244-09F9-19FA1C50C4B6}.Release|Any CPU.Build.0 = Release|Any CPU
		{569C4ADA-87A2-B902-D79E-8CA73A12AF05}.Debug|Any CPU.ActiveCfg = Debug|Any CPU
		{569C4ADA-87A2-B902-D79E-8CA73A12AF05}.Debug|Any CPU.Build.0 = Debug|Any CPU
		{569C4ADA-87A2-B902-D79E-8CA73A12AF05}.Release|Any CPU.ActiveCfg = Release|Any CPU
		{569C4ADA-87A2-B902-D79E-8CA73A12AF05}.Release|Any CPU.Build.0 = Release|Any CPU
		{EADDCA1F-916B-2AFB-1CC7-4BBA8032A007}.Debug|Any CPU.ActiveCfg = Debug|Any CPU
		{EADDCA1F-916B-2AFB-1CC7-4BBA8032A007}.Debug|Any CPU.Build.0 = Debug|Any CPU
		{EADDCA1F-916B-2AFB-1CC7-4BBA8032A007}.Release|Any CPU.ActiveCfg = Release|Any CPU
		{EADDCA1F-916B-2AFB-1CC7-4BBA8032A007}.Release|Any CPU.Build.0 = Release|Any CPU
		{88C93CB6-3D92-D929-BBCC-8DD1E4F55DF7}.Debug|Any CPU.ActiveCfg = Debug|Any CPU
		{88C93CB6-3D92-D929-BBCC-8DD1E4F55DF7}.Debug|Any CPU.Build.0 = Debug|Any CPU
		{88C93CB6-3D92-D929-BBCC-8DD1E4F55DF7}.Release|Any CPU.ActiveCfg = Release|Any CPU
		{88C93CB6-3D92-D929-BBCC-8DD1E4F55DF7}.Release|Any CPU.Build.0 = Release|Any CPU
		{4DC7117B-2A58-7788-0371-88CE19DE42FE}.Debug|Any CPU.ActiveCfg = Debug|Any CPU
		{4DC7117B-2A58-7788-0371-88CE19DE42FE}.Debug|Any CPU.Build.0 = Debug|Any CPU
		{4DC7117B-2A58-7788-0371-88CE19DE42FE}.Release|Any CPU.ActiveCfg = Release|Any CPU
		{4DC7117B-2A58-7788-0371-88CE19DE42FE}.Release|Any CPU.Build.0 = Release|Any CPU
		{EC28F58F-23F3-8E24-98EA-FA1D31211951}.Debug|Any CPU.ActiveCfg = Debug|Any CPU
		{EC28F58F-23F3-8E24-98EA-FA1D31211951}.Debug|Any CPU.Build.0 = Debug|Any CPU
		{EC28F58F-23F3-8E24-98EA-FA1D31211951}.Release|Any CPU.ActiveCfg = Release|Any CPU
		{EC28F58F-23F3-8E24-98EA-FA1D31211951}.Release|Any CPU.Build.0 = Release|Any CPU
		{4B9B3A70-DC43-68F0-08DC-BE1A763DD8E7}.Debug|Any CPU.ActiveCfg = Debug|Any CPU
		{4B9B3A70-DC43-68F0-08DC-BE1A763DD8E7}.Debug|Any CPU.Build.0 = Debug|Any CPU
		{4B9B3A70-DC43-68F0-08DC-BE1A763DD8E7}.Release|Any CPU.ActiveCfg = Release|Any CPU
		{4B9B3A70-DC43-68F0-08DC-BE1A763DD8E7}.Release|Any CPU.Build.0 = Release|Any CPU
		{332B303C-AFC1-D314-302D-8DC04396B5AA}.Debug|Any CPU.ActiveCfg = Debug|Any CPU
		{332B303C-AFC1-D314-302D-8DC04396B5AA}.Debug|Any CPU.Build.0 = Debug|Any CPU
		{332B303C-AFC1-D314-302D-8DC04396B5AA}.Release|Any CPU.ActiveCfg = Release|Any CPU
		{332B303C-AFC1-D314-302D-8DC04396B5AA}.Release|Any CPU.Build.0 = Release|Any CPU
		{57F11814-CA3A-B4B7-4BD6-F498BB547858}.Debug|Any CPU.ActiveCfg = Debug|Any CPU
		{57F11814-CA3A-B4B7-4BD6-F498BB547858}.Debug|Any CPU.Build.0 = Debug|Any CPU
		{57F11814-CA3A-B4B7-4BD6-F498BB547858}.Release|Any CPU.ActiveCfg = Release|Any CPU
		{57F11814-CA3A-B4B7-4BD6-F498BB547858}.Release|Any CPU.Build.0 = Release|Any CPU
		{6DACC81D-98C2-74CB-791A-5CEF890758F3}.Debug|Any CPU.ActiveCfg = Debug|Any CPU
		{6DACC81D-98C2-74CB-791A-5CEF890758F3}.Debug|Any CPU.Build.0 = Debug|Any CPU
		{6DACC81D-98C2-74CB-791A-5CEF890758F3}.Release|Any CPU.ActiveCfg = Release|Any CPU
		{6DACC81D-98C2-74CB-791A-5CEF890758F3}.Release|Any CPU.Build.0 = Release|Any CPU
		{CC75F17F-4CE5-1581-EBFE-D845B5E51641}.Debug|Any CPU.ActiveCfg = Debug|Any CPU
		{CC75F17F-4CE5-1581-EBFE-D845B5E51641}.Debug|Any CPU.Build.0 = Debug|Any CPU
		{CC75F17F-4CE5-1581-EBFE-D845B5E51641}.Release|Any CPU.ActiveCfg = Release|Any CPU
		{CC75F17F-4CE5-1581-EBFE-D845B5E51641}.Release|Any CPU.Build.0 = Release|Any CPU
		{E7C0AA8F-83E4-45EE-4217-388A6C71B90D}.Debug|Any CPU.ActiveCfg = Debug|Any CPU
		{E7C0AA8F-83E4-45EE-4217-388A6C71B90D}.Debug|Any CPU.Build.0 = Debug|Any CPU
		{E7C0AA8F-83E4-45EE-4217-388A6C71B90D}.Release|Any CPU.ActiveCfg = Release|Any CPU
		{E7C0AA8F-83E4-45EE-4217-388A6C71B90D}.Release|Any CPU.Build.0 = Release|Any CPU
		{0FBD252C-17A5-4E2C-FD0F-6F408F70B0AD}.Debug|Any CPU.ActiveCfg = Debug|Any CPU
		{0FBD252C-17A5-4E2C-FD0F-6F408F70B0AD}.Debug|Any CPU.Build.0 = Debug|Any CPU
		{0FBD252C-17A5-4E2C-FD0F-6F408F70B0AD}.Release|Any CPU.ActiveCfg = Release|Any CPU
		{0FBD252C-17A5-4E2C-FD0F-6F408F70B0AD}.Release|Any CPU.Build.0 = Release|Any CPU
		{FD4208A0-7ADE-4E74-5F34-66EBCACE8597}.Debug|Any CPU.ActiveCfg = Debug|Any CPU
		{FD4208A0-7ADE-4E74-5F34-66EBCACE8597}.Debug|Any CPU.Build.0 = Debug|Any CPU
		{FD4208A0-7ADE-4E74-5F34-66EBCACE8597}.Release|Any CPU.ActiveCfg = Release|Any CPU
		{FD4208A0-7ADE-4E74-5F34-66EBCACE8597}.Release|Any CPU.Build.0 = Release|Any CPU
		{9C8FA889-69C7-CF64-E256-570B3133CAAC}.Debug|Any CPU.ActiveCfg = Debug|Any CPU
		{9C8FA889-69C7-CF64-E256-570B3133CAAC}.Debug|Any CPU.Build.0 = Debug|Any CPU
		{9C8FA889-69C7-CF64-E256-570B3133CAAC}.Release|Any CPU.ActiveCfg = Release|Any CPU
		{9C8FA889-69C7-CF64-E256-570B3133CAAC}.Release|Any CPU.Build.0 = Release|Any CPU
		{A5F54041-D314-DB6B-C99B-A9E35D7C472C}.Debug|Any CPU.ActiveCfg = Debug|Any CPU
		{A5F54041-D314-DB6B-C99B-A9E35D7C472C}.Debug|Any CPU.Build.0 = Debug|Any CPU
		{A5F54041-D314-DB6B-C99B-A9E35D7C472C}.Release|Any CPU.ActiveCfg = Release|Any CPU
		{A5F54041-D314-DB6B-C99B-A9E35D7C472C}.Release|Any CPU.Build.0 = Release|Any CPU
		{EE0A8CF2-A65F-6208-F7CC-E0254DF446C9}.Debug|Any CPU.ActiveCfg = Debug|Any CPU
		{EE0A8CF2-A65F-6208-F7CC-E0254DF446C9}.Debug|Any CPU.Build.0 = Debug|Any CPU
		{EE0A8CF2-A65F-6208-F7CC-E0254DF446C9}.Release|Any CPU.ActiveCfg = Release|Any CPU
		{EE0A8CF2-A65F-6208-F7CC-E0254DF446C9}.Release|Any CPU.Build.0 = Release|Any CPU
		{AA63E63F-15DA-6FBE-BAF1-673131C09C38}.Debug|Any CPU.ActiveCfg = Debug|Any CPU
		{AA63E63F-15DA-6FBE-BAF1-673131C09C38}.Debug|Any CPU.Build.0 = Debug|Any CPU
		{AA63E63F-15DA-6FBE-BAF1-673131C09C38}.Release|Any CPU.ActiveCfg = Release|Any CPU
		{AA63E63F-15DA-6FBE-BAF1-673131C09C38}.Release|Any CPU.Build.0 = Release|Any CPU
		{47A17694-197C-9ED6-1AF3-5B7BC900B1FA}.Debug|Any CPU.ActiveCfg = Debug|Any CPU
		{47A17694-197C-9ED6-1AF3-5B7BC900B1FA}.Debug|Any CPU.Build.0 = Debug|Any CPU
		{47A17694-197C-9ED6-1AF3-5B7BC900B1FA}.Release|Any CPU.ActiveCfg = Release|Any CPU
		{47A17694-197C-9ED6-1AF3-5B7BC900B1FA}.Release|Any CPU.Build.0 = Release|Any CPU
		{9AD7A1DA-80C2-8987-E4D7-85ED370E9A7D}.Debug|Any CPU.ActiveCfg = Debug|Any CPU
		{9AD7A1DA-80C2-8987-E4D7-85ED370E9A7D}.Debug|Any CPU.Build.0 = Debug|Any CPU
		{9AD7A1DA-80C2-8987-E4D7-85ED370E9A7D}.Release|Any CPU.ActiveCfg = Release|Any CPU
		{9AD7A1DA-80C2-8987-E4D7-85ED370E9A7D}.Release|Any CPU.Build.0 = Release|Any CPU
		{66A81AFD-54DD-A7EA-95FB-097CE2A835FC}.Debug|Any CPU.ActiveCfg = Debug|Any CPU
		{66A81AFD-54DD-A7EA-95FB-097CE2A835FC}.Debug|Any CPU.Build.0 = Debug|Any CPU
		{66A81AFD-54DD-A7EA-95FB-097CE2A835FC}.Release|Any CPU.ActiveCfg = Release|Any CPU
		{66A81AFD-54DD-A7EA-95FB-097CE2A835FC}.Release|Any CPU.Build.0 = Release|Any CPU
		{A4286BB2-BAA0-F8F9-926D-95EE0A1D2076}.Debug|Any CPU.ActiveCfg = Debug|Any CPU
		{A4286BB2-BAA0-F8F9-926D-95EE0A1D2076}.Debug|Any CPU.Build.0 = Debug|Any CPU
		{A4286BB2-BAA0-F8F9-926D-95EE0A1D2076}.Release|Any CPU.ActiveCfg = Release|Any CPU
		{A4286BB2-BAA0-F8F9-926D-95EE0A1D2076}.Release|Any CPU.Build.0 = Release|Any CPU
		{CF01E59D-79D5-C790-68E1-8B51811278B2}.Debug|Any CPU.ActiveCfg = Debug|Any CPU
		{CF01E59D-79D5-C790-68E1-8B51811278B2}.Debug|Any CPU.Build.0 = Debug|Any CPU
		{CF01E59D-79D5-C790-68E1-8B51811278B2}.Release|Any CPU.ActiveCfg = Release|Any CPU
		{CF01E59D-79D5-C790-68E1-8B51811278B2}.Release|Any CPU.Build.0 = Release|Any CPU
		{630ACA5B-4F3D-3AC4-52F0-80F3A0DF6D2F}.Debug|Any CPU.ActiveCfg = Debug|Any CPU
		{630ACA5B-4F3D-3AC4-52F0-80F3A0DF6D2F}.Debug|Any CPU.Build.0 = Debug|Any CPU
		{630ACA5B-4F3D-3AC4-52F0-80F3A0DF6D2F}.Release|Any CPU.ActiveCfg = Release|Any CPU
		{630ACA5B-4F3D-3AC4-52F0-80F3A0DF6D2F}.Release|Any CPU.Build.0 = Release|Any CPU
		{D9DE8DE5-3610-5D86-9459-D2E5BBF72207}.Debug|Any CPU.ActiveCfg = Debug|Any CPU
		{D9DE8DE5-3610-5D86-9459-D2E5BBF72207}.Debug|Any CPU.Build.0 = Debug|Any CPU
		{D9DE8DE5-3610-5D86-9459-D2E5BBF72207}.Release|Any CPU.ActiveCfg = Release|Any CPU
		{D9DE8DE5-3610-5D86-9459-D2E5BBF72207}.Release|Any CPU.Build.0 = Release|Any CPU
		{72CEC38D-0186-A6D4-CFAB-A61359CC12B6}.Debug|Any CPU.ActiveCfg = Debug|Any CPU
		{72CEC38D-0186-A6D4-CFAB-A61359CC12B6}.Debug|Any CPU.Build.0 = Debug|Any CPU
		{72CEC38D-0186-A6D4-CFAB-A61359CC12B6}.Release|Any CPU.ActiveCfg = Release|Any CPU
		{72CEC38D-0186-A6D4-CFAB-A61359CC12B6}.Release|Any CPU.Build.0 = Release|Any CPU
		{74373CB8-8FA8-0FB3-4B47-08E18F217B91}.Debug|Any CPU.ActiveCfg = Debug|Any CPU
		{74373CB8-8FA8-0FB3-4B47-08E18F217B91}.Debug|Any CPU.Build.0 = Debug|Any CPU
		{74373CB8-8FA8-0FB3-4B47-08E18F217B91}.Release|Any CPU.ActiveCfg = Release|Any CPU
		{74373CB8-8FA8-0FB3-4B47-08E18F217B91}.Release|Any CPU.Build.0 = Release|Any CPU
	EndGlobalSection
	GlobalSection(SolutionProperties) = preSolution
		HideSolutionNode = FALSE
	EndGlobalSection
EndGlobal
